
Microsoft Visual Studio Solution File, Format Version 12.00
# Visual Studio 2013
VisualStudioVersion = 12.0.30501.0
MinimumVisualStudioVersion = 10.0.40219.1
Project("{FAE04EC0-301F-11D3-BF4B-00C04F79EFBC}") = "HW12", "HW12\HW12.csproj", "{AB1124E7-0BA3-4EC5-B1C9-9A0D15D0CBED}"
EndProject
Global
	GlobalSection(SolutionConfigurationPlatforms) = preSolution
		Debug|Any CPU = Debug|Any CPU
		Release|Any CPU = Release|Any CPU
	EndGlobalSection
	GlobalSection(ProjectConfigurationPlatforms) = postSolution
		{AB1124E7-0BA3-4EC5-B1C9-9A0D15D0CBED}.Debug|Any CPU.ActiveCfg = Debug|Any CPU
		{AB1124E7-0BA3-4EC5-B1C9-9A0D15D0CBED}.Debug|Any CPU.Build.0 = Debug|Any CPU
		{AB1124E7-0BA3-4EC5-B1C9-9A0D15D0CBED}.Release|Any CPU.ActiveCfg = Release|Any CPU
		{AB1124E7-0BA3-4EC5-B1C9-9A0D15D0CBED}.Release|Any CPU.Build.0 = Release|Any CPU
	EndGlobalSection
	GlobalSection(SolutionProperties) = preSolution
		HideSolutionNode = FALSE
	EndGlobalSection
EndGlobal
